{
  "name": "@neurospeech/mail-dispatcher",
  "version": "2.0.28",
  "lockfileVersion": 1,
  "requires": true,
  "dependencies": {
    "@web-atoms/core": {
      "version": "2.0.8",
      "resolved": "https://registry.npmjs.org/@web-atoms/core/-/core-2.0.8.tgz",
      "integrity": "sha512-4aYuJjHhZle+wBYbaNZm3Vds+3XP/qSkb7RxFT+Q2kglxIxdQjDtPS/1UHdKDzuGUY1HfaNAby4pTxwQPTOegA==",
      "requires": {
        "@web-atoms/date-time": "^1.0.26",
        "reflect-metadata": "^0.1.13"
      }
    },
    "@web-atoms/date-time": {
      "version": "1.0.26",
      "resolved": "https://registry.npmjs.org/@web-atoms/date-time/-/date-time-1.0.26.tgz",
      "integrity": "sha512-tMtmCjYOK537j8DNj5vsqm7SUYVZ+IUvg8UGsPGF+2z3lsURBsggWPulnBc3yliB1aBMZwRKuJfzbjKgVKPoag=="
    },
    "@web-atoms/font-awesome": {
      "version": "1.0.22",
      "resolved": "https://registry.npmjs.org/@web-atoms/font-awesome/-/font-awesome-1.0.22.tgz",
      "integrity": "sha512-coT1ir1S7TEVtAiDJd4CAA96fZ6lyvQpZeMxm2kJ05q8NWS1LeMO/HV8fCxLqUZL0sqe4tB4EpQfDrWpgFyiTg=="
    },
    "@web-atoms/module-loader": {
      "version": "2.0.8",
      "resolved": "https://registry.npmjs.org/@web-atoms/module-loader/-/module-loader-2.0.8.tgz",
      "integrity": "sha512-j87QZCofSuMn/vRlhvaPFX4VCiz4dNyTrYg2Ff8Uqj0k069H0J4NvZcpmPVCXJz6/HAUCAajhxcjyRduMbdJ+Q=="
    },
    "@web-atoms/web-controls": {
      "version": "2.0.4",
      "resolved": "https://registry.npmjs.org/@web-atoms/web-controls/-/web-controls-2.0.4.tgz",
      "integrity": "sha512-jIk4GkPl2xAXeqcBhKHUN/fiFhk9Nv+/VlApp+Nn4qq/XIy73YmO0RUlBszvW2pcOBIs61hrxsP91IPQ8BBExQ==",
      "requires": {
        "@web-atoms/core": "^2.0.4",
        "@web-atoms/date-time": "^1.0.26",
        "@web-atoms/module-loader": "^2.0.6",
        "reflect-metadata": "^0.1.13"
      }
    },
    "@web-atoms/xf-controls": {
      "version": "1.1.43",
      "resolved": "https://registry.npmjs.org/@web-atoms/xf-controls/-/xf-controls-1.1.43.tgz",
      "integrity": "sha512-uJ+vf6mafNLDs6AuYdOL+q7OEr/U/tppm83ym5UwORA7D6lvZV0Lo5eFp08yLun3O52F3O7TklHaodryHXsRuA==",
      "requires": {
        "@web-atoms/core": "^1.2.53",
        "@web-atoms/date-time": "^1.0.26",
        "@web-atoms/font-awesome": "^1.0.22",
        "@web-atoms/module-loader": "^1.0.431"
      },
      "dependencies": {
        "@web-atoms/core": {
          "version": "1.2.55",
          "resolved": "https://registry.npmjs.org/@web-atoms/core/-/core-1.2.55.tgz",
          "integrity": "sha512-f/LaQGT8JknHbpiqi9qxyXtF/LzTAwym2HauGtXSCWt5kW9l95NUOGCybX+dt7cwtLLeXxGztQoOyKTwjWRgSQ==",
          "requires": {
            "@web-atoms/date-time": "^1.0.26",
            "reflect-metadata": "^0.1.13"
          }
        },
        "@web-atoms/module-loader": {
          "version": "1.0.432",
          "resolved": "https://registry.npmjs.org/@web-atoms/module-loader/-/module-loader-1.0.432.tgz",
          "integrity": "sha512-YSzHtKY1OrftAap9l7JCmLgJkx4QNnj3v8Vn25EXGwnzUEcf5lMiefLtrbN71CMiD92cYmlohP8WnKShVeUxyg=="
        }
      }
    },
    "reflect-metadata": {
      "version": "0.1.13",
      "resolved": "https://registry.npmjs.org/reflect-metadata/-/reflect-metadata-0.1.13.tgz",
      "integrity": "sha512-Ts1Y/anZELhSsjMcU605fU9RE4Oi3p5ORujwbIKXfWa+0Zxs510Qrmrce5/Jowq3cHSZSJqBjypxmHarc+vEWg=="
    }
  }
}
